
Microsoft Visual Studio Solution File, Format Version 12.00
# Visual Studio Version 17
VisualStudioVersion = 17.13.35931.197
MinimumVisualStudioVersion = 10.0.40219.1
Project("{FAE04EC0-301F-11D3-BF4B-00C04F79EFBC}") = "SchoolManagment.UI", "SchoolManagmentSystem\SchoolManagment.UI.csproj", "{0F2CF361-8D6A-4F83-A0AD-E0816812887E}"
EndProject
Project("{FAE04EC0-301F-11D3-BF4B-00C04F79EFBC}") = "SchoolManagment.Domain", "SchoolManagment.Domain\SchoolManagment.Domain.csproj", "{BCFBBDD1-123F-4F4C-BF6D-BF299FC5295A}"
EndProject
Project("{FAE04EC0-301F-11D3-BF4B-00C04F79EFBC}") = "SchoolManagment.Application", "SchoolManagment.Application\SchoolManagment.Application.csproj", "{36E9834D-A05B-4F0C-9AB4-0CA4B962BE90}"
EndProject
Project("{FAE04EC0-301F-11D3-BF4B-00C04F79EFBC}") = "SchoolManagement.Infrastructure", "SchoolManagement.Infrastructure\SchoolManagement.Infrastructure.csproj", "{1C621F3E-EC99-4BE6-81BF-9E1E27E6A6B2}"
EndProject
Global
	GlobalSection(SolutionConfigurationPlatforms) = preSolution
		Debug|Any CPU = Debug|Any CPU
		Release|Any CPU = Release|Any CPU
	EndGlobalSection
	GlobalSection(ProjectConfigurationPlatforms) = postSolution
		{0F2CF361-8D6A-4F83-A0AD-E0816812887E}.Debug|Any CPU.ActiveCfg = Debug|Any CPU
		{0F2CF361-8D6A-4F83-A0AD-E0816812887E}.Debug|Any CPU.Build.0 = Debug|Any CPU
		{0F2CF361-8D6A-4F83-A0AD-E0816812887E}.Release|Any CPU.ActiveCfg = Release|Any CPU
		{0F2CF361-8D6A-4F83-A0AD-E0816812887E}.Release|Any CPU.Build.0 = Release|Any CPU
		{BCFBBDD1-123F-4F4C-BF6D-BF299FC5295A}.Debug|Any CPU.ActiveCfg = Debug|Any CPU
		{BCFBBDD1-123F-4F4C-BF6D-BF299FC5295A}.Debug|Any CPU.Build.0 = Debug|Any CPU
		{BCFBBDD1-123F-4F4C-BF6D-BF299FC5295A}.Release|Any CPU.ActiveCfg = Release|Any CPU
		{BCFBBDD1-123F-4F4C-BF6D-BF299FC5295A}.Release|Any CPU.Build.0 = Release|Any CPU
		{36E9834D-A05B-4F0C-9AB4-0CA4B962BE90}.Debug|Any CPU.ActiveCfg = Debug|Any CPU
		{36E9834D-A05B-4F0C-9AB4-0CA4B962BE90}.Debug|Any CPU.Build.0 = Debug|Any CPU
		{36E9834D-A05B-4F0C-9AB4-0CA4B962BE90}.Release|Any CPU.ActiveCfg = Release|Any CPU
		{36E9834D-A05B-4F0C-9AB4-0CA4B962BE90}.Release|Any CPU.Build.0 = Release|Any CPU
		{1C621F3E-EC99-4BE6-81BF-9E1E27E6A6B2}.Debug|Any CPU.ActiveCfg = Debug|Any CPU
		{1C621F3E-EC99-4BE6-81BF-9E1E27E6A6B2}.Debug|Any CPU.Build.0 = Debug|Any CPU
		{1C621F3E-EC99-4BE6-81BF-9E1E27E6A6B2}.Release|Any CPU.ActiveCfg = Release|Any CPU
		{1C621F3E-EC99-4BE6-81BF-9E1E27E6A6B2}.Release|Any CPU.Build.0 = Release|Any CPU
	EndGlobalSection
	GlobalSection(SolutionProperties) = preSolution
		HideSolutionNode = FALSE
	EndGlobalSection
	GlobalSection(ExtensibilityGlobals) = postSolution
		SolutionGuid = {EE9081C0-ECDC-4130-97BF-3D0A73037A9B}
	EndGlobalSection
EndGlobal
